{
  "name": "dbscan-clustering-visualiser",
  "version": "1.0.0",
  "lockfileVersion": 2,
  "requires": true,
  "packages": {
    "": {
      "name": "dbscan-clustering-visualiser",
      "version": "1.0.0",
      "license": "ISC",
      "dependencies": {
        "density-clustering": "^1.3.0",
        "pandas-js": "^0.2.4"
      }
    },
    "node_modules/density-clustering": {
      "version": "1.3.0",
      "resolved": "https://registry.npmjs.org/density-clustering/-/density-clustering-1.3.0.tgz",
      "integrity": "sha512-icpmBubVTwLnsaor9qH/4tG5+7+f61VcqMN3V3pm9sxxSCt2Jcs0zWOgwZW9ARJYaKD3FumIgHiMOcIMRRAzFQ=="
    },
    "node_modules/immutable": {
      "version": "3.8.2",
      "resolved": "https://registry.npmjs.org/immutable/-/immutable-3.8.2.tgz",
      "integrity": "sha512-15gZoQ38eYjEjxkorfbcgBKBL6R7T459OuK+CpcWt7O3KF4uPCx2tD0uFETlUDIyo+1789crbMhTvQBSR5yBMg==",
      "engines": {
        "node": ">=0.10.0"
      }
    },
    "node_modules/pandas-js": {
      "version": "0.2.4",
      "resolved": "https://registry.npmjs.org/pandas-js/-/pandas-js-0.2.4.tgz",
      "integrity": "sha512-/zZV9z/u8SOny/0RQFik6OhG0ieBZb23TRHNs4pUHj2ONDeqvlHN9742pQXVvj6IYFFm0FaAmmWuBqz/mDLFmg==",
      "dependencies": {
        "immutable": "^3.8.1"
      }
    }
  },
  "dependencies": {
    "density-clustering": {
      "version": "1.3.0",
      "resolved": "https://registry.npmjs.org/density-clustering/-/density-clustering-1.3.0.tgz",
      "integrity": "sha512-icpmBubVTwLnsaor9qH/4tG5+7+f61VcqMN3V3pm9sxxSCt2Jcs0zWOgwZW9ARJYaKD3FumIgHiMOcIMRRAzFQ=="
    },
    "immutable": {
      "version": "3.8.2",
      "resolved": "https://registry.npmjs.org/immutable/-/immutable-3.8.2.tgz",
      "integrity": "sha512-15gZoQ38eYjEjxkorfbcgBKBL6R7T459OuK+CpcWt7O3KF4uPCx2tD0uFETlUDIyo+1789crbMhTvQBSR5yBMg=="
    },
    "pandas-js": {
      "version": "0.2.4",
      "resolved": "https://registry.npmjs.org/pandas-js/-/pandas-js-0.2.4.tgz",
      "integrity": "sha512-/zZV9z/u8SOny/0RQFik6OhG0ieBZb23TRHNs4pUHj2ONDeqvlHN9742pQXVvj6IYFFm0FaAmmWuBqz/mDLFmg==",
      "requires": {
        "immutable": "^3.8.1"
      }
    }
  }
}
